// !$*UTF8*$!
{
	archiveVersion = 1;
	classes = {
	};
	objectVersion = 50;
	objects = {

/* Begin PBXBuildFile section */
		8DA3F23824FD00980029D5C3 /* AppDelegate.swift in Sources */ = {isa = PBXBuildFile; fileRef = 8DA3F23724FD00980029D5C3 /* AppDelegate.swift */; };
		8DA3F23A24FD00980029D5C3 /* SceneDelegate.swift in Sources */ = {isa = PBXBuildFile; fileRef = 8DA3F23924FD00980029D5C3 /* SceneDelegate.swift */; };
		8DA3F23F24FD00980029D5C3 /* Main.storyboard in Resources */ = {isa = PBXBuildFile; fileRef = 8DA3F23D24FD00980029D5C3 /* Main.storyboard */; };
		8DA3F24124FD009B0029D5C3 /* Assets.xcassets in Resources */ = {isa = PBXBuildFile; fileRef = 8DA3F24024FD009B0029D5C3 /* Assets.xcassets */; };
		8DA3F24424FD009B0029D5C3 /* LaunchScreen.storyboard in Resources */ = {isa = PBXBuildFile; fileRef = 8DA3F24224FD009B0029D5C3 /* LaunchScreen.storyboard */; };
		8DA3F24E24FD17A70029D5C3 /* TimerViewController.swift in Sources */ = {isa = PBXBuildFile; fileRef = 8DA3F24D24FD17A70029D5C3 /* TimerViewController.swift */; };
		8DA3F25024FD1E370029D5C3 /* AudioSettingViewController.swift in Sources */ = {isa = PBXBuildFile; fileRef = 8DA3F24F24FD1E370029D5C3 /* AudioSettingViewController.swift */; };
		8DAAD0F124FE2E0A0004765C /* HamburgerViewController.swift in Sources */ = {isa = PBXBuildFile; fileRef = 8DAAD0F024FE2E0A0004765C /* HamburgerViewController.swift */; };
		8DDA4B5524FF595000AD7C69 /* SettingData.swift in Sources */ = {isa = PBXBuildFile; fileRef = 8DDA4B5424FF595000AD7C69 /* SettingData.swift */; };
		8DDA4B5924FF6F7300AD7C69 /* PageViewController.swift in Sources */ = {isa = PBXBuildFile; fileRef = 8DDA4B5824FF6F7300AD7C69 /* PageViewController.swift */; };
/* End PBXBuildFile section */

/* Begin PBXFileReference section */
		8DA3F23424FD00980029D5C3 /* 012-NotificationTimer.app */ = {isa = PBXFileReference; explicitFileType = wrapper.application; includeInIndex = 0; path = "012-NotificationTimer.app"; sourceTree = BUILT_PRODUCTS_DIR; };
		8DA3F23724FD00980029D5C3 /* AppDelegate.swift */ = {isa = PBXFileReference; lastKnownFileType = sourcecode.swift; path = AppDelegate.swift; sourceTree = "<group>"; };
		8DA3F23924FD00980029D5C3 /* SceneDelegate.swift */ = {isa = PBXFileReference; lastKnownFileType = sourcecode.swift; path = SceneDelegate.swift; sourceTree = "<group>"; };
		8DA3F23E24FD00980029D5C3 /* Base */ = {isa = PBXFileReference; lastKnownFileType = file.storyboard; name = Base; path = Base.lproj/Main.storyboard; sourceTree = "<group>"; };
		8DA3F24024FD009B0029D5C3 /* Assets.xcassets */ = {isa = PBXFileReference; lastKnownFileType = folder.assetcatalog; path = Assets.xcassets; sourceTree = "<group>"; };
		8DA3F24324FD009B0029D5C3 /* Base */ = {isa = PBXFileReference; lastKnownFileType = file.storyboard; name = Base; path = Base.lproj/LaunchScreen.storyboard; sourceTree = "<group>"; };
		8DA3F24524FD009B0029D5C3 /* Info.plist */ = {isa = PBXFileReference; lastKnownFileType = text.plist.xml; path = Info.plist; sourceTree = "<group>"; };
		8DA3F24D24FD17A70029D5C3 /* TimerViewController.swift */ = {isa = PBXFileReference; lastKnownFileType = sourcecode.swift; path = TimerViewController.swift; sourceTree = "<group>"; };
		8DA3F24F24FD1E370029D5C3 /* AudioSettingViewController.swift */ = {isa = PBXFileReference; lastKnownFileType = sourcecode.swift; path = AudioSettingViewController.swift; sourceTree = "<group>"; };
		8DAAD0F024FE2E0A0004765C /* HamburgerViewController.swift */ = {isa = PBXFileReference; lastKnownFileType = sourcecode.swift; path = HamburgerViewController.swift; sourceTree = "<group>"; };
		8DDA4B5424FF595000AD7C69 /* SettingData.swift */ = {isa = PBXFileReference; lastKnownFileType = sourcecode.swift; path = SettingData.swift; sourceTree = "<group>"; };
		8DDA4B5824FF6F7300AD7C69 /* PageViewController.swift */ = {isa = PBXFileReference; lastKnownFileType = sourcecode.swift; path = PageViewController.swift; sourceTree = "<group>"; };
/* End PBXFileReference section */

/* Begin PBXFrameworksBuildPhase section */
		8DA3F23124FD00980029D5C3 /* Frameworks */ = {
			isa = PBXFrameworksBuildPhase;
			buildActionMask = 2147483647;
			files = (
			);
			runOnlyForDeploymentPostprocessing = 0;
		};
/* End PBXFrameworksBuildPhase section */

/* Begin PBXGroup section */
		8DA3F22B24FD00980029D5C3 = {
			isa = PBXGroup;
			children = (
				8DA3F23624FD00980029D5C3 /* 012-NotificationTimer */,
				8DA3F23524FD00980029D5C3 /* Products */,
			);
			sourceTree = "<group>";
		};
		8DA3F23524FD00980029D5C3 /* Products */ = {
			isa = PBXGroup;
			children = (
				8DA3F23424FD00980029D5C3 /* 012-NotificationTimer.app */,
			);
			name = Products;
			sourceTree = "<group>";
		};
		8DA3F23624FD00980029D5C3 /* 012-NotificationTimer */ = {
			isa = PBXGroup;
			children = (
				8DA3F23724FD00980029D5C3 /* AppDelegate.swift */,
				8DA3F23924FD00980029D5C3 /* SceneDelegate.swift */,
				8DA3F23D24FD00980029D5C3 /* Main.storyboard */,
				8DA3F24224FD009B0029D5C3 /* LaunchScreen.storyboard */,
				8DDA4B5824FF6F7300AD7C69 /* PageViewController.swift */,
				8DA3F24D24FD17A70029D5C3 /* TimerViewController.swift */,
				8DAAD0F024FE2E0A0004765C /* HamburgerViewController.swift */,
				8DA3F24F24FD1E370029D5C3 /* AudioSettingViewController.swift */,
				8DDA4B5424FF595000AD7C69 /* SettingData.swift */,
				8DA3F24024FD009B0029D5C3 /* Assets.xcassets */,
				8DA3F24524FD009B0029D5C3 /* Info.plist */,
			);
			path = "012-NotificationTimer";
			sourceTree = "<group>";
		};
/* End PBXGroup section */

/* Begin PBXNativeTarget section */
		8DA3F23324FD00980029D5C3 /* 012-NotificationTimer */ = {
			isa = PBXNativeTarget;
			buildConfigurationList = 8DA3F24824FD009B0029D5C3 /* Build configuration list for PBXNativeTarget "012-NotificationTimer" */;
			buildPhases = (
				8DA3F23024FD00980029D5C3 /* Sources */,
				8DA3F23124FD00980029D5C3 /* Frameworks */,
				8DA3F23224FD00980029D5C3 /* Resources */,
			);
			buildRules = (
			);
			dependencies = (
			);
			name = "012-NotificationTimer";
			productName = "012-NotificationTimer";
			productReference = 8DA3F23424FD00980029D5C3 /* 012-NotificationTimer.app */;
			productType = "com.apple.product-type.application";
		};
/* End PBXNativeTarget section */

/* Begin PBXProject section */
		8DA3F22C24FD00980029D5C3 /* Project object */ = {
			isa = PBXProject;
			attributes = {
				LastSwiftUpdateCheck = 1160;
				LastUpgradeCheck = 1160;
				ORGANIZATIONNAME = "Takatoshi Miura";
				TargetAttributes = {
					8DA3F23324FD00980029D5C3 = {
						CreatedOnToolsVersion = 11.6;
					};
				};
			};
			buildConfigurationList = 8DA3F22F24FD00980029D5C3 /* Build configuration list for PBXProject "012-NotificationTimer" */;
			compatibilityVersion = "Xcode 9.3";
			developmentRegion = en;
			hasScannedForEncodings = 0;
			knownRegions = (
				en,
				Base,
			);
			mainGroup = 8DA3F22B24FD00980029D5C3;
			productRefGroup = 8DA3F23524FD00980029D5C3 /* Products */;
			projectDirPath = "";
			projectRoot = "";
			targets = (
				8DA3F23324FD00980029D5C3 /* 012-NotificationTimer */,
			);
		};
/* End PBXProject section */

/* Begin PBXResourcesBuildPhase section */
		8DA3F23224FD00980029D5C3 /* Resources */ = {
			isa = PBXResourcesBuildPhase;
			buildActionMask = 2147483647;
			files = (
				8DA3F24424FD009B0029D5C3 /* LaunchScreen.storyboard in Resources */,
				8DA3F24124FD009B0029D5C3 /* Assets.xcassets in Resources */,
				8DA3F23F24FD00980029D5C3 /* Main.storyboard in Resources */,
			);
			runOnlyForDeploymentPostprocessing = 0;
		};
/* End PBXResourcesBuildPhase section */

/* Begin PBXSourcesBuildPhase section */
		8DA3F23024FD00980029D5C3 /* Sources */ = {
			isa = PBXSourcesBuildPhase;
			buildActionMask = 2147483647;
			files = (
				8DAAD0F124FE2E0A0004765C /* HamburgerViewController.swift in Sources */,
				8DDA4B5924FF6F7300AD7C69 /* PageViewController.swift in Sources */,
				8DA3F25024FD1E370029D5C3 /* AudioSettingViewController.swift in Sources */,
				8DA3F23824FD00980029D5C3 /* AppDelegate.swift in Sources */,
				8DA3F24E24FD17A70029D5C3 /* TimerViewController.swift in Sources */,
				8DDA4B5524FF595000AD7C69 /* SettingData.swift in Sources */,
				8DA3F23A24FD00980029D5C3 /* SceneDelegate.swift in Sources */,
			);
			runOnlyForDeploymentPostprocessing = 0;
		};
/* End PBXSourcesBuildPhase section */

/* Begin PBXVariantGroup section */
		8DA3F23D24FD00980029D5C3 /* Main.storyboard */ = {
			isa = PBXVariantGroup;
			children = (
				8DA3F23E24FD00980029D5C3 /* Base */,
			);
			name = Main.storyboard;
			sourceTree = "<group>";
		};
		8DA3F24224FD009B0029D5C3 /* LaunchScreen.storyboard */ = {
			isa = PBXVariantGroup;
			children = (
				8DA3F24324FD009B0029D5C3 /* Base */,
			);
			name = LaunchScreen.storyboard;
			sourceTree = "<group>";
		};
/* End PBXVariantGroup section */

/* Begin XCBuildConfiguration section */
		8DA3F24624FD009B0029D5C3 /* Debug */ = {
			isa = XCBuildConfiguration;
			buildSettings = {
				ALWAYS_SEARCH_USER_PATHS = NO;
				CLANG_ANALYZER_NONNULL = YES;
				CLANG_ANALYZER_NUMBER_OBJECT_CONVERSION = YES_AGGRESSIVE;
				CLANG_CXX_LANGUAGE_STANDARD = "gnu++14";
				CLANG_CXX_LIBRARY = "libc++";
				CLANG_ENABLE_MODULES = YES;
				CLANG_ENABLE_OBJC_ARC = YES;
				CLANG_ENABLE_OBJC_WEAK = YES;
				CLANG_WARN_BLOCK_CAPTURE_AUTORELEASING = YES;
				CLANG_WARN_BOOL_CONVERSION = YES;
				CLANG_WARN_COMMA = YES;
				CLANG_WARN_CONSTANT_CONVERSION = YES;
				CLANG_WARN_DEPRECATED_OBJC_IMPLEMENTATIONS = YES;
				CLANG_WARN_DIRECT_OBJC_ISA_USAGE = YES_ERROR;
				CLANG_WARN_DOCUMENTATION_COMMENTS = YES;
				CLANG_WARN_EMPTY_BODY = YES;
				CLANG_WARN_ENUM_CONVERSION = YES;
				CLANG_WARN_INFINITE_RECURSION = YES;
				CLANG_WARN_INT_CONVERSION = YES;
				CLANG_WARN_NON_LITERAL_NULL_CONVERSION = YES;
				CLANG_WARN_OBJC_IMPLICIT_RETAIN_SELF = YES;
				CLANG_WARN_OBJC_LITERAL_CONVERSION = YES;
				CLANG_WARN_OBJC_ROOT_CLASS = YES_ERROR;
				CLANG_WARN_RANGE_LOOP_ANALYSIS = YES;
				CLANG_WARN_STRICT_PROTOTYPES = YES;
				CLANG_WARN_SUSPICIOUS_MOVE = YES;
				CLANG_WARN_UNGUARDED_AVAILABILITY = YES_AGGRESSIVE;
				CLANG_WARN_UNREACHABLE_CODE = YES;
				CLANG_WARN__DUPLICATE_METHOD_MATCH = YES;
				COPY_PHASE_STRIP = NO;
				DEBUG_INFORMATION_FORMAT = dwarf;
				ENABLE_STRICT_OBJC_MSGSEND = YES;
				ENABLE_TESTABILITY = YES;
				GCC_C_LANGUAGE_STANDARD = gnu11;
				GCC_DYNAMIC_NO_PIC = NO;
				GCC_NO_COMMON_BLOCKS = YES;
				GCC_OPTIMIZATION_LEVEL = 0;
				GCC_PREPROCESSOR_DEFINITIONS = (
					"DEBUG=1",
					"$(inherited)",
				);
				GCC_WARN_64_TO_32_BIT_CONVERSION = YES;
				GCC_WARN_ABOUT_RETURN_TYPE = YES_ERROR;
				GCC_WARN_UNDECLARED_SELECTOR = YES;
				GCC_WARN_UNINITIALIZED_AUTOS = YES_AGGRESSIVE;
				GCC_WARN_UNUSED_FUNCTION = YES;
				GCC_WARN_UNUSED_VARIABLE = YES;
				IPHONEOS_DEPLOYMENT_TARGET = 13.6;
				MTL_ENABLE_DEBUG_INFO = INCLUDE_SOURCE;
				MTL_FAST_MATH = YES;
				ONLY_ACTIVE_ARCH = YES;
				SDKROOT = iphoneos;
				SWIFT_ACTIVE_COMPILATION_CONDITIONS = DEBUG;
				SWIFT_OPTIMIZATION_LEVEL = "-Onone";
			};
			name = Debug;
		};
		8DA3F24724FD009B0029D5C3 /* Release */ = {
			isa = XCBuildConfiguration;
			buildSettings = {
				ALWAYS_SEARCH_USER_PATHS = NO;
				CLANG_ANALYZER_NONNULL = YES;
				CLANG_ANALYZER_NUMBER_OBJECT_CONVERSION = YES_AGGRESSIVE;
				CLANG_CXX_LANGUAGE_STANDARD = "gnu++14";
				CLANG_CXX_LIBRARY = "libc++";
				CLANG_ENABLE_MODULES = YES;
				CLANG_ENABLE_OBJC_ARC = YES;
				CLANG_ENABLE_OBJC_WEAK = YES;
				CLANG_WARN_BLOCK_CAPTURE_AUTORELEASING = YES;
				CLANG_WARN_BOOL_CONVERSION = YES;
				CLANG_WARN_COMMA = YES;
				CLANG_WARN_CONSTANT_CONVERSION = YES;
				CLANG_WARN_DEPRECATED_OBJC_IMPLEMENTATIONS = YES;
				CLANG_WARN_DIRECT_OBJC_ISA_USAGE = YES_ERROR;
				CLANG_WARN_DOCUMENTATION_COMMENTS = YES;
				CLANG_WARN_EMPTY_BODY = YES;
				CLANG_WARN_ENUM_CONVERSION = YES;
				CLANG_WARN_INFINITE_RECURSION = YES;
				CLANG_WARN_INT_CONVERSION = YES;
				CLANG_WARN_NON_LITERAL_NULL_CONVERSION = YES;
				CLANG_WARN_OBJC_IMPLICIT_RETAIN_SELF = YES;
				CLANG_WARN_OBJC_LITERAL_CONVERSION = YES;
				CLANG_WARN_OBJC_ROOT_CLASS = YES_ERROR;
				CLANG_WARN_RANGE_LOOP_ANALYSIS = YES;
				CLANG_WARN_STRICT_PROTOTYPES = YES;
				CLANG_WARN_SUSPICIOUS_MOVE = YES;
				CLANG_WARN_UNGUARDED_AVAILABILITY = YES_AGGRESSIVE;
				CLANG_WARN_UNREACHABLE_CODE = YES;
				CLANG_WARN__DUPLICATE_METHOD_MATCH = YES;
				COPY_PHASE_STRIP = NO;
				DEBUG_INFORMATION_FORMAT = "dwarf-with-dsym";
				ENABLE_NS_ASSERTIONS = NO;
				ENABLE_STRICT_OBJC_MSGSEND = YES;
				GCC_C_LANGUAGE_STANDARD = gnu11;
				GCC_NO_COMMON_BLOCKS = YES;
				GCC_WARN_64_TO_32_BIT_CONVERSION = YES;
				GCC_WARN_ABOUT_RETURN_TYPE = YES_ERROR;
				GCC_WARN_UNDECLARED_SELECTOR = YES;
				GCC_WARN_UNINITIALIZED_AUTOS = YES_AGGRESSIVE;
				GCC_WARN_UNUSED_FUNCTION = YES;
				GCC_WARN_UNUSED_VARIABLE = YES;
				IPHONEOS_DEPLOYMENT_TARGET = 13.6;
				MTL_ENABLE_DEBUG_INFO = NO;
				MTL_FAST_MATH = YES;
				SDKROOT = iphoneos;
				SWIFT_COMPILATION_MODE = wholemodule;
				SWIFT_OPTIMIZATION_LEVEL = "-O";
				VALIDATE_PRODUCT = YES;
			};
			name = Release;
		};
		8DA3F24924FD009B0029D5C3 /* Debug */ = {
			isa = XCBuildConfiguration;
			buildSettings = {
				ASSETCATALOG_COMPILER_APPICON_NAME = AppIcon;
				CODE_SIGN_STYLE = Automatic;
				DEVELOPMENT_TEAM = 9YB68MR5FL;
				INFOPLIST_FILE = "012-NotificationTimer/Info.plist";
				IPHONEOS_DEPLOYMENT_TARGET = 13.7;
				LD_RUNPATH_SEARCH_PATHS = (
					"$(inherited)",
					"@executable_path/Frameworks",
				);
				PRODUCT_BUNDLE_IDENTIFIER = "Takatoshi-Miura.-12-NotificationTimer";
				PRODUCT_NAME = "$(TARGET_NAME)";
				SWIFT_VERSION = 5.0;
				TARGETED_DEVICE_FAMILY = "1,2";
			};
			name = Debug;
		};
		8DA3F24A24FD009B0029D5C3 /* Release */ = {
			isa = XCBuildConfiguration;
			buildSettings = {
				ASSETCATALOG_COMPILER_APPICON_NAME = AppIcon;
				CODE_SIGN_STYLE = Automatic;
				DEVELOPMENT_TEAM = 9YB68MR5FL;
				INFOPLIST_FILE = "012-NotificationTimer/Info.plist";
				IPHONEOS_DEPLOYMENT_TARGET = 13.7;
				LD_RUNPATH_SEARCH_PATHS = (
					"$(inherited)",
					"@executable_path/Frameworks",
				);
				PRODUCT_BUNDLE_IDENTIFIER = "Takatoshi-Miura.-12-NotificationTimer";
				PRODUCT_NAME = "$(TARGET_NAME)";
				SWIFT_VERSION = 5.0;
				TARGETED_DEVICE_FAMILY = "1,2";
			};
			name = Release;
		};
/* End XCBuildConfiguration section */

/* Begin XCConfigurationList section */
		8DA3F22F24FD00980029D5C3 /* Build configuration list for PBXProject "012-NotificationTimer" */ = {
			isa = XCConfigurationList;
			buildConfigurations = (
				8DA3F24624FD009B0029D5C3 /* Debug */,
				8DA3F24724FD009B0029D5C3 /* Release */,
			);
			defaultConfigurationIsVisible = 0;
			defaultConfigurationName = Release;
		};
		8DA3F24824FD009B0029D5C3 /* Build configuration list for PBXNativeTarget "012-NotificationTimer" */ = {
			isa = XCConfigurationList;
			buildConfigurations = (
				8DA3F24924FD009B0029D5C3 /* Debug */,
				8DA3F24A24FD009B0029D5C3 /* Release */,
			);
			defaultConfigurationIsVisible = 0;
			defaultConfigurationName = Release;
		};
/* End XCConfigurationList section */
	};
	rootObject = 8DA3F22C24FD00980029D5C3 /* Project object */;
}
