// !$*UTF8*$!
{
	archiveVersion = 1;
	classes = {
	};
	objectVersion = 51;
	objects = {

/* Begin PBXBuildFile section */
		68B4486075A905BF160AD064 /* Pods_012_NotificationTimer.framework in Frameworks */ = {isa = PBXBuildFile; fileRef = 6E9A7A2526A440A34EB4CD54 /* Pods_012_NotificationTimer.framework */; };
		8D1DA6A92509F3FA00F6D4AE /* GoogleService-Info.plist in Resources */ = {isa = PBXBuildFile; fileRef = 8D1DA6A82509F3FA00F6D4AE /* GoogleService-Info.plist */; };
		8D6BFD7625075678003FAF2A /* AudioListViewController.swift in Sources */ = {isa = PBXBuildFile; fileRef = 8D6BFD7525075678003FAF2A /* AudioListViewController.swift */; };
		8D6BFDC72507A6D6003FAF2A /* デフォルト(アプリ起動時).mp3 in Resources */ = {isa = PBXBuildFile; fileRef = 8D6BFDB72507A6D5003FAF2A /* デフォルト(アプリ起動時).mp3 */; };
		8D6BFDC82507A6D6003FAF2A /* デフォルト(アプリ終了時).mp3 in Resources */ = {isa = PBXBuildFile; fileRef = 8D6BFDB82507A6D5003FAF2A /* デフォルト(アプリ終了時).mp3 */; };
		8D6BFDC92507A6D6003FAF2A /* デフォルト(残り1分).mp3 in Resources */ = {isa = PBXBuildFile; fileRef = 8D6BFDB92507A6D5003FAF2A /* デフォルト(残り1分).mp3 */; };
		8D6BFDCA2507A6D6003FAF2A /* デフォルト(5分経過).mp3 in Resources */ = {isa = PBXBuildFile; fileRef = 8D6BFDBA2507A6D5003FAF2A /* デフォルト(5分経過).mp3 */; };
		8D6BFDCB2507A6D6003FAF2A /* デフォルト(残り30秒).mp3 in Resources */ = {isa = PBXBuildFile; fileRef = 8D6BFDBB2507A6D5003FAF2A /* デフォルト(残り30秒).mp3 */; };
		8D6BFDCC2507A6D6003FAF2A /* デフォルト(終了時).mp3 in Resources */ = {isa = PBXBuildFile; fileRef = 8D6BFDBC2507A6D5003FAF2A /* デフォルト(終了時).mp3 */; };
		8D6BFDCD2507A6D6003FAF2A /* デフォルト(25分経過).mp3 in Resources */ = {isa = PBXBuildFile; fileRef = 8D6BFDBD2507A6D5003FAF2A /* デフォルト(25分経過).mp3 */; };
		8D6BFDCE2507A6D6003FAF2A /* デフォルト(30分経過).mp3 in Resources */ = {isa = PBXBuildFile; fileRef = 8D6BFDBE2507A6D5003FAF2A /* デフォルト(30分経過).mp3 */; };
		8D6BFDCF2507A6D6003FAF2A /* デフォルト(35分経過).mp3 in Resources */ = {isa = PBXBuildFile; fileRef = 8D6BFDBF2507A6D5003FAF2A /* デフォルト(35分経過).mp3 */; };
		8D6BFDD02507A6D6003FAF2A /* デフォルト(40分経過).mp3 in Resources */ = {isa = PBXBuildFile; fileRef = 8D6BFDC02507A6D5003FAF2A /* デフォルト(40分経過).mp3 */; };
		8D6BFDD12507A6D6003FAF2A /* デフォルト(45分経過).mp3 in Resources */ = {isa = PBXBuildFile; fileRef = 8D6BFDC12507A6D5003FAF2A /* デフォルト(45分経過).mp3 */; };
		8D6BFDD22507A6D6003FAF2A /* デフォルト(50分経過).mp3 in Resources */ = {isa = PBXBuildFile; fileRef = 8D6BFDC22507A6D5003FAF2A /* デフォルト(50分経過).mp3 */; };
		8D6BFDD32507A6D6003FAF2A /* デフォルト(10分経過).mp3 in Resources */ = {isa = PBXBuildFile; fileRef = 8D6BFDC32507A6D5003FAF2A /* デフォルト(10分経過).mp3 */; };
		8D6BFDD42507A6D6003FAF2A /* デフォルト(15分経過).mp3 in Resources */ = {isa = PBXBuildFile; fileRef = 8D6BFDC42507A6D5003FAF2A /* デフォルト(15分経過).mp3 */; };
		8D6BFDD52507A6D6003FAF2A /* デフォルト(20分経過).mp3 in Resources */ = {isa = PBXBuildFile; fileRef = 8D6BFDC52507A6D5003FAF2A /* デフォルト(20分経過).mp3 */; };
		8D6BFDD62507A6D6003FAF2A /* デフォルト(残り3分).mp3 in Resources */ = {isa = PBXBuildFile; fileRef = 8D6BFDC62507A6D6003FAF2A /* デフォルト(残り3分).mp3 */; };
		8D71E7592508C1820045FD20 /* デフォルト(残り5分).mp3 in Resources */ = {isa = PBXBuildFile; fileRef = 8D71E7582508C1820045FD20 /* デフォルト(残り5分).mp3 */; };
		8DA3F23824FD00980029D5C3 /* AppDelegate.swift in Sources */ = {isa = PBXBuildFile; fileRef = 8DA3F23724FD00980029D5C3 /* AppDelegate.swift */; };
		8DA3F23A24FD00980029D5C3 /* SceneDelegate.swift in Sources */ = {isa = PBXBuildFile; fileRef = 8DA3F23924FD00980029D5C3 /* SceneDelegate.swift */; };
		8DA3F23F24FD00980029D5C3 /* Main.storyboard in Resources */ = {isa = PBXBuildFile; fileRef = 8DA3F23D24FD00980029D5C3 /* Main.storyboard */; };
		8DA3F24124FD009B0029D5C3 /* Assets.xcassets in Resources */ = {isa = PBXBuildFile; fileRef = 8DA3F24024FD009B0029D5C3 /* Assets.xcassets */; };
		8DA3F24424FD009B0029D5C3 /* LaunchScreen.storyboard in Resources */ = {isa = PBXBuildFile; fileRef = 8DA3F24224FD009B0029D5C3 /* LaunchScreen.storyboard */; };
		8DA3F24E24FD17A70029D5C3 /* TimerViewController.swift in Sources */ = {isa = PBXBuildFile; fileRef = 8DA3F24D24FD17A70029D5C3 /* TimerViewController.swift */; };
		8DA3F25024FD1E370029D5C3 /* AudioSettingViewController.swift in Sources */ = {isa = PBXBuildFile; fileRef = 8DA3F24F24FD1E370029D5C3 /* AudioSettingViewController.swift */; };
		8DAAD0F124FE2E0A0004765C /* HamburgerViewController.swift in Sources */ = {isa = PBXBuildFile; fileRef = 8DAAD0F024FE2E0A0004765C /* HamburgerViewController.swift */; };
		8DBCA4082510547F00383647 /* TutorialViewController.swift in Sources */ = {isa = PBXBuildFile; fileRef = 8DBCA4072510547F00383647 /* TutorialViewController.swift */; };
		8DBCA40A2510601A00383647 /* TutorialPageViewController.swift in Sources */ = {isa = PBXBuildFile; fileRef = 8DBCA4092510601A00383647 /* TutorialPageViewController.swift */; };
		8DDA4B5524FF595000AD7C69 /* SettingData.swift in Sources */ = {isa = PBXBuildFile; fileRef = 8DDA4B5424FF595000AD7C69 /* SettingData.swift */; };
		8DDA4B5924FF6F7300AD7C69 /* PageViewController.swift in Sources */ = {isa = PBXBuildFile; fileRef = 8DDA4B5824FF6F7300AD7C69 /* PageViewController.swift */; };
/* End PBXBuildFile section */

/* Begin PBXFileReference section */
		26EA20D01F17E8E46A504816 /* Pods-012-NotificationTimer.debug.xcconfig */ = {isa = PBXFileReference; includeInIndex = 1; lastKnownFileType = text.xcconfig; name = "Pods-012-NotificationTimer.debug.xcconfig"; path = "Target Support Files/Pods-012-NotificationTimer/Pods-012-NotificationTimer.debug.xcconfig"; sourceTree = "<group>"; };
		6E9A7A2526A440A34EB4CD54 /* Pods_012_NotificationTimer.framework */ = {isa = PBXFileReference; explicitFileType = wrapper.framework; includeInIndex = 0; path = Pods_012_NotificationTimer.framework; sourceTree = BUILT_PRODUCTS_DIR; };
		8CFEDB70F92CC72D9F7090B3 /* Pods-012-NotificationTimer.release.xcconfig */ = {isa = PBXFileReference; includeInIndex = 1; lastKnownFileType = text.xcconfig; name = "Pods-012-NotificationTimer.release.xcconfig"; path = "Target Support Files/Pods-012-NotificationTimer/Pods-012-NotificationTimer.release.xcconfig"; sourceTree = "<group>"; };
		8D1DA6A82509F3FA00F6D4AE /* GoogleService-Info.plist */ = {isa = PBXFileReference; fileEncoding = 4; lastKnownFileType = text.plist.xml; path = "GoogleService-Info.plist"; sourceTree = "<group>"; };
		8D6BFD7525075678003FAF2A /* AudioListViewController.swift */ = {isa = PBXFileReference; lastKnownFileType = sourcecode.swift; path = AudioListViewController.swift; sourceTree = "<group>"; };
		8D6BFDB72507A6D5003FAF2A /* デフォルト(アプリ起動時).mp3 */ = {isa = PBXFileReference; lastKnownFileType = audio.mp3; path = "デフォルト(アプリ起動時).mp3"; sourceTree = "<group>"; };
		8D6BFDB82507A6D5003FAF2A /* デフォルト(アプリ終了時).mp3 */ = {isa = PBXFileReference; lastKnownFileType = audio.mp3; path = "デフォルト(アプリ終了時).mp3"; sourceTree = "<group>"; };
		8D6BFDB92507A6D5003FAF2A /* デフォルト(残り1分).mp3 */ = {isa = PBXFileReference; lastKnownFileType = audio.mp3; path = "デフォルト(残り1分).mp3"; sourceTree = "<group>"; };
		8D6BFDBA2507A6D5003FAF2A /* デフォルト(5分経過).mp3 */ = {isa = PBXFileReference; lastKnownFileType = audio.mp3; path = "デフォルト(5分経過).mp3"; sourceTree = "<group>"; };
		8D6BFDBB2507A6D5003FAF2A /* デフォルト(残り30秒).mp3 */ = {isa = PBXFileReference; lastKnownFileType = audio.mp3; path = "デフォルト(残り30秒).mp3"; sourceTree = "<group>"; };
		8D6BFDBC2507A6D5003FAF2A /* デフォルト(終了時).mp3 */ = {isa = PBXFileReference; lastKnownFileType = audio.mp3; path = "デフォルト(終了時).mp3"; sourceTree = "<group>"; };
		8D6BFDBD2507A6D5003FAF2A /* デフォルト(25分経過).mp3 */ = {isa = PBXFileReference; lastKnownFileType = audio.mp3; path = "デフォルト(25分経過).mp3"; sourceTree = "<group>"; };
		8D6BFDBE2507A6D5003FAF2A /* デフォルト(30分経過).mp3 */ = {isa = PBXFileReference; lastKnownFileType = audio.mp3; path = "デフォルト(30分経過).mp3"; sourceTree = "<group>"; };
		8D6BFDBF2507A6D5003FAF2A /* デフォルト(35分経過).mp3 */ = {isa = PBXFileReference; lastKnownFileType = audio.mp3; path = "デフォルト(35分経過).mp3"; sourceTree = "<group>"; };
		8D6BFDC02507A6D5003FAF2A /* デフォルト(40分経過).mp3 */ = {isa = PBXFileReference; lastKnownFileType = audio.mp3; path = "デフォルト(40分経過).mp3"; sourceTree = "<group>"; };
		8D6BFDC12507A6D5003FAF2A /* デフォルト(45分経過).mp3 */ = {isa = PBXFileReference; lastKnownFileType = audio.mp3; path = "デフォルト(45分経過).mp3"; sourceTree = "<group>"; };
		8D6BFDC22507A6D5003FAF2A /* デフォルト(50分経過).mp3 */ = {isa = PBXFileReference; lastKnownFileType = audio.mp3; path = "デフォルト(50分経過).mp3"; sourceTree = "<group>"; };
		8D6BFDC32507A6D5003FAF2A /* デフォルト(10分経過).mp3 */ = {isa = PBXFileReference; lastKnownFileType = audio.mp3; path = "デフォルト(10分経過).mp3"; sourceTree = "<group>"; };
		8D6BFDC42507A6D5003FAF2A /* デフォルト(15分経過).mp3 */ = {isa = PBXFileReference; lastKnownFileType = audio.mp3; path = "デフォルト(15分経過).mp3"; sourceTree = "<group>"; };
		8D6BFDC52507A6D5003FAF2A /* デフォルト(20分経過).mp3 */ = {isa = PBXFileReference; lastKnownFileType = audio.mp3; path = "デフォルト(20分経過).mp3"; sourceTree = "<group>"; };
		8D6BFDC62507A6D6003FAF2A /* デフォルト(残り3分).mp3 */ = {isa = PBXFileReference; lastKnownFileType = audio.mp3; path = "デフォルト(残り3分).mp3"; sourceTree = "<group>"; };
		8D71E7582508C1820045FD20 /* デフォルト(残り5分).mp3 */ = {isa = PBXFileReference; lastKnownFileType = audio.mp3; path = "デフォルト(残り5分).mp3"; sourceTree = "<group>"; };
		8D8441CD250F04E900BEBAF3 /* ja */ = {isa = PBXFileReference; lastKnownFileType = text.plist.strings; name = ja; path = ja.lproj/Main.strings; sourceTree = "<group>"; };
		8D8441CE250F04E900BEBAF3 /* ja */ = {isa = PBXFileReference; lastKnownFileType = text.plist.strings; name = ja; path = ja.lproj/LaunchScreen.strings; sourceTree = "<group>"; };
		8DA3F23424FD00980029D5C3 /* 012-NotificationTimer.app */ = {isa = PBXFileReference; explicitFileType = wrapper.application; includeInIndex = 0; path = "012-NotificationTimer.app"; sourceTree = BUILT_PRODUCTS_DIR; };
		8DA3F23724FD00980029D5C3 /* AppDelegate.swift */ = {isa = PBXFileReference; lastKnownFileType = sourcecode.swift; path = AppDelegate.swift; sourceTree = "<group>"; };
		8DA3F23924FD00980029D5C3 /* SceneDelegate.swift */ = {isa = PBXFileReference; lastKnownFileType = sourcecode.swift; path = SceneDelegate.swift; sourceTree = "<group>"; };
		8DA3F23E24FD00980029D5C3 /* Base */ = {isa = PBXFileReference; lastKnownFileType = file.storyboard; name = Base; path = Base.lproj/Main.storyboard; sourceTree = "<group>"; };
		8DA3F24024FD009B0029D5C3 /* Assets.xcassets */ = {isa = PBXFileReference; lastKnownFileType = folder.assetcatalog; path = Assets.xcassets; sourceTree = "<group>"; };
		8DA3F24324FD009B0029D5C3 /* Base */ = {isa = PBXFileReference; lastKnownFileType = file.storyboard; name = Base; path = Base.lproj/LaunchScreen.storyboard; sourceTree = "<group>"; };
		8DA3F24524FD009B0029D5C3 /* Info.plist */ = {isa = PBXFileReference; lastKnownFileType = text.plist.xml; path = Info.plist; sourceTree = "<group>"; };
		8DA3F24D24FD17A70029D5C3 /* TimerViewController.swift */ = {isa = PBXFileReference; lastKnownFileType = sourcecode.swift; path = TimerViewController.swift; sourceTree = "<group>"; };
		8DA3F24F24FD1E370029D5C3 /* AudioSettingViewController.swift */ = {isa = PBXFileReference; lastKnownFileType = sourcecode.swift; path = AudioSettingViewController.swift; sourceTree = "<group>"; };
		8DAAD0F024FE2E0A0004765C /* HamburgerViewController.swift */ = {isa = PBXFileReference; lastKnownFileType = sourcecode.swift; path = HamburgerViewController.swift; sourceTree = "<group>"; };
		8DBCA4072510547F00383647 /* TutorialViewController.swift */ = {isa = PBXFileReference; lastKnownFileType = sourcecode.swift; path = TutorialViewController.swift; sourceTree = "<group>"; };
		8DBCA4092510601A00383647 /* TutorialPageViewController.swift */ = {isa = PBXFileReference; lastKnownFileType = sourcecode.swift; path = TutorialPageViewController.swift; sourceTree = "<group>"; };
		8DDA4B5424FF595000AD7C69 /* SettingData.swift */ = {isa = PBXFileReference; lastKnownFileType = sourcecode.swift; path = SettingData.swift; sourceTree = "<group>"; };
		8DDA4B5824FF6F7300AD7C69 /* PageViewController.swift */ = {isa = PBXFileReference; lastKnownFileType = sourcecode.swift; path = PageViewController.swift; sourceTree = "<group>"; };
/* End PBXFileReference section */

/* Begin PBXFrameworksBuildPhase section */
		8DA3F23124FD00980029D5C3 /* Frameworks */ = {
			isa = PBXFrameworksBuildPhase;
			buildActionMask = 2147483647;
			files = (
				68B4486075A905BF160AD064 /* Pods_012_NotificationTimer.framework in Frameworks */,
			);
			runOnlyForDeploymentPostprocessing = 0;
		};
/* End PBXFrameworksBuildPhase section */

/* Begin PBXGroup section */
		2D09A0B512C07FCC54B7A51D /* Pods */ = {
			isa = PBXGroup;
			children = (
				26EA20D01F17E8E46A504816 /* Pods-012-NotificationTimer.debug.xcconfig */,
				8CFEDB70F92CC72D9F7090B3 /* Pods-012-NotificationTimer.release.xcconfig */,
			);
			path = Pods;
			sourceTree = "<group>";
		};
		7B51DC64BAAFAF9AE21DFC07 /* Frameworks */ = {
			isa = PBXGroup;
			children = (
				6E9A7A2526A440A34EB4CD54 /* Pods_012_NotificationTimer.framework */,
			);
			name = Frameworks;
			sourceTree = "<group>";
		};
		8D4E625225061FDA007CDADC /* Default Audio */ = {
			isa = PBXGroup;
			children = (
				8D6BFDBA2507A6D5003FAF2A /* デフォルト(5分経過).mp3 */,
				8D6BFDC32507A6D5003FAF2A /* デフォルト(10分経過).mp3 */,
				8D6BFDC42507A6D5003FAF2A /* デフォルト(15分経過).mp3 */,
				8D6BFDC52507A6D5003FAF2A /* デフォルト(20分経過).mp3 */,
				8D6BFDBD2507A6D5003FAF2A /* デフォルト(25分経過).mp3 */,
				8D6BFDBE2507A6D5003FAF2A /* デフォルト(30分経過).mp3 */,
				8D6BFDBF2507A6D5003FAF2A /* デフォルト(35分経過).mp3 */,
				8D6BFDC02507A6D5003FAF2A /* デフォルト(40分経過).mp3 */,
				8D6BFDC12507A6D5003FAF2A /* デフォルト(45分経過).mp3 */,
				8D6BFDC22507A6D5003FAF2A /* デフォルト(50分経過).mp3 */,
				8D6BFDB72507A6D5003FAF2A /* デフォルト(アプリ起動時).mp3 */,
				8D6BFDB82507A6D5003FAF2A /* デフォルト(アプリ終了時).mp3 */,
				8D6BFDB92507A6D5003FAF2A /* デフォルト(残り1分).mp3 */,
				8D6BFDC62507A6D6003FAF2A /* デフォルト(残り3分).mp3 */,
				8D71E7582508C1820045FD20 /* デフォルト(残り5分).mp3 */,
				8D6BFDBB2507A6D5003FAF2A /* デフォルト(残り30秒).mp3 */,
				8D6BFDBC2507A6D5003FAF2A /* デフォルト(終了時).mp3 */,
			);
			path = "Default Audio";
			sourceTree = "<group>";
		};
		8DA3F22B24FD00980029D5C3 = {
			isa = PBXGroup;
			children = (
				8DA3F23624FD00980029D5C3 /* 012-NotificationTimer */,
				8DA3F23524FD00980029D5C3 /* Products */,
				2D09A0B512C07FCC54B7A51D /* Pods */,
				7B51DC64BAAFAF9AE21DFC07 /* Frameworks */,
			);
			sourceTree = "<group>";
		};
		8DA3F23524FD00980029D5C3 /* Products */ = {
			isa = PBXGroup;
			children = (
				8DA3F23424FD00980029D5C3 /* 012-NotificationTimer.app */,
			);
			name = Products;
			sourceTree = "<group>";
		};
		8DA3F23624FD00980029D5C3 /* 012-NotificationTimer */ = {
			isa = PBXGroup;
			children = (
				8DA3F23924FD00980029D5C3 /* SceneDelegate.swift */,
				8DA3F23D24FD00980029D5C3 /* Main.storyboard */,
				8DA3F24224FD009B0029D5C3 /* LaunchScreen.storyboard */,
				8DA3F23724FD00980029D5C3 /* AppDelegate.swift */,
				8DA3F24D24FD17A70029D5C3 /* TimerViewController.swift */,
				8DA3F24F24FD1E370029D5C3 /* AudioSettingViewController.swift */,
				8D6BFD7525075678003FAF2A /* AudioListViewController.swift */,
				8DAAD0F024FE2E0A0004765C /* HamburgerViewController.swift */,
				8DBCA4092510601A00383647 /* TutorialPageViewController.swift */,
				8DBCA4072510547F00383647 /* TutorialViewController.swift */,
				8DDA4B5424FF595000AD7C69 /* SettingData.swift */,
				8DA3F24024FD009B0029D5C3 /* Assets.xcassets */,
				8DDA4B5824FF6F7300AD7C69 /* PageViewController.swift */,
				8DA3F24524FD009B0029D5C3 /* Info.plist */,
				8D1DA6A82509F3FA00F6D4AE /* GoogleService-Info.plist */,
				8D4E625225061FDA007CDADC /* Default Audio */,
			);
			path = "012-NotificationTimer";
			sourceTree = "<group>";
		};
/* End PBXGroup section */

/* Begin PBXNativeTarget section */
		8DA3F23324FD00980029D5C3 /* 012-NotificationTimer */ = {
			isa = PBXNativeTarget;
			buildConfigurationList = 8DA3F24824FD009B0029D5C3 /* Build configuration list for PBXNativeTarget "012-NotificationTimer" */;
			buildPhases = (
				25E3539F3E3042A314BEDB9A /* [CP] Check Pods Manifest.lock */,
				8DA3F23024FD00980029D5C3 /* Sources */,
				8DA3F23124FD00980029D5C3 /* Frameworks */,
				8DA3F23224FD00980029D5C3 /* Resources */,
				5F5B3FF3C107D6D6A3AD329C /* [CP] Embed Pods Frameworks */,
			);
			buildRules = (
			);
			dependencies = (
			);
			name = "012-NotificationTimer";
			productName = "012-NotificationTimer";
			productReference = 8DA3F23424FD00980029D5C3 /* 012-NotificationTimer.app */;
			productType = "com.apple.product-type.application";
		};
/* End PBXNativeTarget section */

/* Begin PBXProject section */
		8DA3F22C24FD00980029D5C3 /* Project object */ = {
			isa = PBXProject;
			attributes = {
				LastSwiftUpdateCheck = 1160;
				LastUpgradeCheck = 1160;
				ORGANIZATIONNAME = "Takatoshi Miura";
				TargetAttributes = {
					8DA3F23324FD00980029D5C3 = {
						CreatedOnToolsVersion = 11.6;
					};
				};
			};
			buildConfigurationList = 8DA3F22F24FD00980029D5C3 /* Build configuration list for PBXProject "012-NotificationTimer" */;
			compatibilityVersion = "Xcode 9.3";
			developmentRegion = en;
			hasScannedForEncodings = 0;
			knownRegions = (
				en,
				Base,
				ja,
			);
			mainGroup = 8DA3F22B24FD00980029D5C3;
			productRefGroup = 8DA3F23524FD00980029D5C3 /* Products */;
			projectDirPath = "";
			projectRoot = "";
			targets = (
				8DA3F23324FD00980029D5C3 /* 012-NotificationTimer */,
			);
		};
/* End PBXProject section */

/* Begin PBXResourcesBuildPhase section */
		8DA3F23224FD00980029D5C3 /* Resources */ = {
			isa = PBXResourcesBuildPhase;
			buildActionMask = 2147483647;
			files = (
				8D6BFDCF2507A6D6003FAF2A /* デフォルト(35分経過).mp3 in Resources */,
				8D6BFDD32507A6D6003FAF2A /* デフォルト(10分経過).mp3 in Resources */,
				8D6BFDCA2507A6D6003FAF2A /* デフォルト(5分経過).mp3 in Resources */,
				8DA3F24424FD009B0029D5C3 /* LaunchScreen.storyboard in Resources */,
				8D6BFDCB2507A6D6003FAF2A /* デフォルト(残り30秒).mp3 in Resources */,
				8D6BFDCC2507A6D6003FAF2A /* デフォルト(終了時).mp3 in Resources */,
				8D6BFDD52507A6D6003FAF2A /* デフォルト(20分経過).mp3 in Resources */,
				8D6BFDC92507A6D6003FAF2A /* デフォルト(残り1分).mp3 in Resources */,
				8D6BFDCD2507A6D6003FAF2A /* デフォルト(25分経過).mp3 in Resources */,
				8D6BFDD12507A6D6003FAF2A /* デフォルト(45分経過).mp3 in Resources */,
				8DA3F24124FD009B0029D5C3 /* Assets.xcassets in Resources */,
				8D71E7592508C1820045FD20 /* デフォルト(残り5分).mp3 in Resources */,
				8D6BFDD22507A6D6003FAF2A /* デフォルト(50分経過).mp3 in Resources */,
				8D6BFDD62507A6D6003FAF2A /* デフォルト(残り3分).mp3 in Resources */,
				8D6BFDCE2507A6D6003FAF2A /* デフォルト(30分経過).mp3 in Resources */,
				8DA3F23F24FD00980029D5C3 /* Main.storyboard in Resources */,
				8D6BFDD42507A6D6003FAF2A /* デフォルト(15分経過).mp3 in Resources */,
				8D6BFDD02507A6D6003FAF2A /* デフォルト(40分経過).mp3 in Resources */,
				8D6BFDC82507A6D6003FAF2A /* デフォルト(アプリ終了時).mp3 in Resources */,
				8D6BFDC72507A6D6003FAF2A /* デフォルト(アプリ起動時).mp3 in Resources */,
				8D1DA6A92509F3FA00F6D4AE /* GoogleService-Info.plist in Resources */,
			);
			runOnlyForDeploymentPostprocessing = 0;
		};
/* End PBXResourcesBuildPhase section */

/* Begin PBXShellScriptBuildPhase section */
		25E3539F3E3042A314BEDB9A /* [CP] Check Pods Manifest.lock */ = {
			isa = PBXShellScriptBuildPhase;
			buildActionMask = 2147483647;
			files = (
			);
			inputFileListPaths = (
			);
			inputPaths = (
				"${PODS_PODFILE_DIR_PATH}/Podfile.lock",
				"${PODS_ROOT}/Manifest.lock",
			);
			name = "[CP] Check Pods Manifest.lock";
			outputFileListPaths = (
			);
			outputPaths = (
				"$(DERIVED_FILE_DIR)/Pods-012-NotificationTimer-checkManifestLockResult.txt",
			);
			runOnlyForDeploymentPostprocessing = 0;
			shellPath = /bin/sh;
			shellScript = "diff \"${PODS_PODFILE_DIR_PATH}/Podfile.lock\" \"${PODS_ROOT}/Manifest.lock\" > /dev/null\nif [ $? != 0 ] ; then\n    # print error to STDERR\n    echo \"error: The sandbox is not in sync with the Podfile.lock. Run 'pod install' or update your CocoaPods installation.\" >&2\n    exit 1\nfi\n# This output is used by Xcode 'outputs' to avoid re-running this script phase.\necho \"SUCCESS\" > \"${SCRIPT_OUTPUT_FILE_0}\"\n";
			showEnvVarsInLog = 0;
		};
		5F5B3FF3C107D6D6A3AD329C /* [CP] Embed Pods Frameworks */ = {
			isa = PBXShellScriptBuildPhase;
			buildActionMask = 2147483647;
			files = (
			);
			inputFileListPaths = (
				"${PODS_ROOT}/Target Support Files/Pods-012-NotificationTimer/Pods-012-NotificationTimer-frameworks-${CONFIGURATION}-input-files.xcfilelist",
			);
			name = "[CP] Embed Pods Frameworks";
			outputFileListPaths = (
				"${PODS_ROOT}/Target Support Files/Pods-012-NotificationTimer/Pods-012-NotificationTimer-frameworks-${CONFIGURATION}-output-files.xcfilelist",
			);
			runOnlyForDeploymentPostprocessing = 0;
			shellPath = /bin/sh;
			shellScript = "\"${PODS_ROOT}/Target Support Files/Pods-012-NotificationTimer/Pods-012-NotificationTimer-frameworks.sh\"\n";
			showEnvVarsInLog = 0;
		};
/* End PBXShellScriptBuildPhase section */

/* Begin PBXSourcesBuildPhase section */
		8DA3F23024FD00980029D5C3 /* Sources */ = {
			isa = PBXSourcesBuildPhase;
			buildActionMask = 2147483647;
			files = (
				8DAAD0F124FE2E0A0004765C /* HamburgerViewController.swift in Sources */,
				8DBCA4082510547F00383647 /* TutorialViewController.swift in Sources */,
				8DDA4B5924FF6F7300AD7C69 /* PageViewController.swift in Sources */,
				8DA3F25024FD1E370029D5C3 /* AudioSettingViewController.swift in Sources */,
				8DA3F23824FD00980029D5C3 /* AppDelegate.swift in Sources */,
				8DA3F24E24FD17A70029D5C3 /* TimerViewController.swift in Sources */,
				8DBCA40A2510601A00383647 /* TutorialPageViewController.swift in Sources */,
				8D6BFD7625075678003FAF2A /* AudioListViewController.swift in Sources */,
				8DDA4B5524FF595000AD7C69 /* SettingData.swift in Sources */,
				8DA3F23A24FD00980029D5C3 /* SceneDelegate.swift in Sources */,
			);
			runOnlyForDeploymentPostprocessing = 0;
		};
/* End PBXSourcesBuildPhase section */

/* Begin PBXVariantGroup section */
		8DA3F23D24FD00980029D5C3 /* Main.storyboard */ = {
			isa = PBXVariantGroup;
			children = (
				8DA3F23E24FD00980029D5C3 /* Base */,
				8D8441CD250F04E900BEBAF3 /* ja */,
			);
			name = Main.storyboard;
			sourceTree = "<group>";
		};
		8DA3F24224FD009B0029D5C3 /* LaunchScreen.storyboard */ = {
			isa = PBXVariantGroup;
			children = (
				8DA3F24324FD009B0029D5C3 /* Base */,
				8D8441CE250F04E900BEBAF3 /* ja */,
			);
			name = LaunchScreen.storyboard;
			sourceTree = "<group>";
		};
/* End PBXVariantGroup section */

/* Begin XCBuildConfiguration section */
		8DA3F24624FD009B0029D5C3 /* Debug */ = {
			isa = XCBuildConfiguration;
			buildSettings = {
				ALWAYS_SEARCH_USER_PATHS = NO;
				CLANG_ANALYZER_LOCALIZABILITY_NONLOCALIZED = YES;
				CLANG_ANALYZER_NONNULL = YES;
				CLANG_ANALYZER_NUMBER_OBJECT_CONVERSION = YES_AGGRESSIVE;
				CLANG_CXX_LANGUAGE_STANDARD = "gnu++14";
				CLANG_CXX_LIBRARY = "libc++";
				CLANG_ENABLE_MODULES = YES;
				CLANG_ENABLE_OBJC_ARC = YES;
				CLANG_ENABLE_OBJC_WEAK = YES;
				CLANG_WARN_BLOCK_CAPTURE_AUTORELEASING = YES;
				CLANG_WARN_BOOL_CONVERSION = YES;
				CLANG_WARN_COMMA = YES;
				CLANG_WARN_CONSTANT_CONVERSION = YES;
				CLANG_WARN_DEPRECATED_OBJC_IMPLEMENTATIONS = YES;
				CLANG_WARN_DIRECT_OBJC_ISA_USAGE = YES_ERROR;
				CLANG_WARN_DOCUMENTATION_COMMENTS = YES;
				CLANG_WARN_EMPTY_BODY = YES;
				CLANG_WARN_ENUM_CONVERSION = YES;
				CLANG_WARN_INFINITE_RECURSION = YES;
				CLANG_WARN_INT_CONVERSION = YES;
				CLANG_WARN_NON_LITERAL_NULL_CONVERSION = YES;
				CLANG_WARN_OBJC_IMPLICIT_RETAIN_SELF = YES;
				CLANG_WARN_OBJC_LITERAL_CONVERSION = YES;
				CLANG_WARN_OBJC_ROOT_CLASS = YES_ERROR;
				CLANG_WARN_RANGE_LOOP_ANALYSIS = YES;
				CLANG_WARN_STRICT_PROTOTYPES = YES;
				CLANG_WARN_SUSPICIOUS_MOVE = YES;
				CLANG_WARN_UNGUARDED_AVAILABILITY = YES_AGGRESSIVE;
				CLANG_WARN_UNREACHABLE_CODE = YES;
				CLANG_WARN__DUPLICATE_METHOD_MATCH = YES;
				COPY_PHASE_STRIP = NO;
				DEBUG_INFORMATION_FORMAT = dwarf;
				ENABLE_STRICT_OBJC_MSGSEND = YES;
				ENABLE_TESTABILITY = YES;
				GCC_C_LANGUAGE_STANDARD = gnu11;
				GCC_DYNAMIC_NO_PIC = NO;
				GCC_NO_COMMON_BLOCKS = YES;
				GCC_OPTIMIZATION_LEVEL = 0;
				GCC_PREPROCESSOR_DEFINITIONS = (
					"DEBUG=1",
					"$(inherited)",
				);
				GCC_WARN_64_TO_32_BIT_CONVERSION = YES;
				GCC_WARN_ABOUT_RETURN_TYPE = YES_ERROR;
				GCC_WARN_UNDECLARED_SELECTOR = YES;
				GCC_WARN_UNINITIALIZED_AUTOS = YES_AGGRESSIVE;
				GCC_WARN_UNUSED_FUNCTION = YES;
				GCC_WARN_UNUSED_VARIABLE = YES;
				IPHONEOS_DEPLOYMENT_TARGET = 13.6;
				MTL_ENABLE_DEBUG_INFO = INCLUDE_SOURCE;
				MTL_FAST_MATH = YES;
				ONLY_ACTIVE_ARCH = YES;
				SDKROOT = iphoneos;
				SWIFT_ACTIVE_COMPILATION_CONDITIONS = DEBUG;
				SWIFT_OPTIMIZATION_LEVEL = "-Onone";
			};
			name = Debug;
		};
		8DA3F24724FD009B0029D5C3 /* Release */ = {
			isa = XCBuildConfiguration;
			buildSettings = {
				ALWAYS_SEARCH_USER_PATHS = NO;
				CLANG_ANALYZER_LOCALIZABILITY_NONLOCALIZED = YES;
				CLANG_ANALYZER_NONNULL = YES;
				CLANG_ANALYZER_NUMBER_OBJECT_CONVERSION = YES_AGGRESSIVE;
				CLANG_CXX_LANGUAGE_STANDARD = "gnu++14";
				CLANG_CXX_LIBRARY = "libc++";
				CLANG_ENABLE_MODULES = YES;
				CLANG_ENABLE_OBJC_ARC = YES;
				CLANG_ENABLE_OBJC_WEAK = YES;
				CLANG_WARN_BLOCK_CAPTURE_AUTORELEASING = YES;
				CLANG_WARN_BOOL_CONVERSION = YES;
				CLANG_WARN_COMMA = YES;
				CLANG_WARN_CONSTANT_CONVERSION = YES;
				CLANG_WARN_DEPRECATED_OBJC_IMPLEMENTATIONS = YES;
				CLANG_WARN_DIRECT_OBJC_ISA_USAGE = YES_ERROR;
				CLANG_WARN_DOCUMENTATION_COMMENTS = YES;
				CLANG_WARN_EMPTY_BODY = YES;
				CLANG_WARN_ENUM_CONVERSION = YES;
				CLANG_WARN_INFINITE_RECURSION = YES;
				CLANG_WARN_INT_CONVERSION = YES;
				CLANG_WARN_NON_LITERAL_NULL_CONVERSION = YES;
				CLANG_WARN_OBJC_IMPLICIT_RETAIN_SELF = YES;
				CLANG_WARN_OBJC_LITERAL_CONVERSION = YES;
				CLANG_WARN_OBJC_ROOT_CLASS = YES_ERROR;
				CLANG_WARN_RANGE_LOOP_ANALYSIS = YES;
				CLANG_WARN_STRICT_PROTOTYPES = YES;
				CLANG_WARN_SUSPICIOUS_MOVE = YES;
				CLANG_WARN_UNGUARDED_AVAILABILITY = YES_AGGRESSIVE;
				CLANG_WARN_UNREACHABLE_CODE = YES;
				CLANG_WARN__DUPLICATE_METHOD_MATCH = YES;
				COPY_PHASE_STRIP = NO;
				DEBUG_INFORMATION_FORMAT = "dwarf-with-dsym";
				ENABLE_NS_ASSERTIONS = NO;
				ENABLE_STRICT_OBJC_MSGSEND = YES;
				GCC_C_LANGUAGE_STANDARD = gnu11;
				GCC_NO_COMMON_BLOCKS = YES;
				GCC_WARN_64_TO_32_BIT_CONVERSION = YES;
				GCC_WARN_ABOUT_RETURN_TYPE = YES_ERROR;
				GCC_WARN_UNDECLARED_SELECTOR = YES;
				GCC_WARN_UNINITIALIZED_AUTOS = YES_AGGRESSIVE;
				GCC_WARN_UNUSED_FUNCTION = YES;
				GCC_WARN_UNUSED_VARIABLE = YES;
				IPHONEOS_DEPLOYMENT_TARGET = 13.6;
				MTL_ENABLE_DEBUG_INFO = NO;
				MTL_FAST_MATH = YES;
				SDKROOT = iphoneos;
				SWIFT_COMPILATION_MODE = wholemodule;
				SWIFT_OPTIMIZATION_LEVEL = "-O";
				VALIDATE_PRODUCT = YES;
			};
			name = Release;
		};
		8DA3F24924FD009B0029D5C3 /* Debug */ = {
			isa = XCBuildConfiguration;
			baseConfigurationReference = 26EA20D01F17E8E46A504816 /* Pods-012-NotificationTimer.debug.xcconfig */;
			buildSettings = {
				ASSETCATALOG_COMPILER_APPICON_NAME = AppIcon;
				CODE_SIGN_STYLE = Automatic;
				DEVELOPMENT_TEAM = 9YB68MR5FL;
				INFOPLIST_FILE = "012-NotificationTimer/Info.plist";
				IPHONEOS_DEPLOYMENT_TARGET = 13.6;
				LD_RUNPATH_SEARCH_PATHS = (
					"$(inherited)",
					"@executable_path/Frameworks",
				);
				PRODUCT_BUNDLE_IDENTIFIER = "Takatoshi-Miura.-12-NotificationTimer";
				PRODUCT_NAME = "$(TARGET_NAME)";
				SWIFT_VERSION = 5.0;
				TARGETED_DEVICE_FAMILY = "1,2";
			};
			name = Debug;
		};
		8DA3F24A24FD009B0029D5C3 /* Release */ = {
			isa = XCBuildConfiguration;
			baseConfigurationReference = 8CFEDB70F92CC72D9F7090B3 /* Pods-012-NotificationTimer.release.xcconfig */;
			buildSettings = {
				ASSETCATALOG_COMPILER_APPICON_NAME = AppIcon;
				CODE_SIGN_STYLE = Automatic;
				DEVELOPMENT_TEAM = 9YB68MR5FL;
				INFOPLIST_FILE = "012-NotificationTimer/Info.plist";
				IPHONEOS_DEPLOYMENT_TARGET = 13.6;
				LD_RUNPATH_SEARCH_PATHS = (
					"$(inherited)",
					"@executable_path/Frameworks",
				);
				PRODUCT_BUNDLE_IDENTIFIER = "Takatoshi-Miura.-12-NotificationTimer";
				PRODUCT_NAME = "$(TARGET_NAME)";
				SWIFT_VERSION = 5.0;
				TARGETED_DEVICE_FAMILY = "1,2";
			};
			name = Release;
		};
/* End XCBuildConfiguration section */

/* Begin XCConfigurationList section */
		8DA3F22F24FD00980029D5C3 /* Build configuration list for PBXProject "012-NotificationTimer" */ = {
			isa = XCConfigurationList;
			buildConfigurations = (
				8DA3F24624FD009B0029D5C3 /* Debug */,
				8DA3F24724FD009B0029D5C3 /* Release */,
			);
			defaultConfigurationIsVisible = 0;
			defaultConfigurationName = Release;
		};
		8DA3F24824FD009B0029D5C3 /* Build configuration list for PBXNativeTarget "012-NotificationTimer" */ = {
			isa = XCConfigurationList;
			buildConfigurations = (
				8DA3F24924FD009B0029D5C3 /* Debug */,
				8DA3F24A24FD009B0029D5C3 /* Release */,
			);
			defaultConfigurationIsVisible = 0;
			defaultConfigurationName = Release;
		};
/* End XCConfigurationList section */
	};
	rootObject = 8DA3F22C24FD00980029D5C3 /* Project object */;
}
